
Microsoft Visual Studio Solution File, Format Version 12.00
# Visual Studio Version 17
VisualStudioVersion = 17.0.31903.59
MinimumVisualStudioVersion = 10.0.40219.1
Project("{FAE04EC0-301F-11D3-BF4B-00C04F79EFBC}") = "01-Bytebank", "01-Bytebank\01-Bytebank.csproj", "{200E91A5-B053-4EBD-A02E-A4E238C40E65}"
EndProject
Project("{FAE04EC0-301F-11D3-BF4B-00C04F79EFBC}") = "02-ByteBank", "02-ByteBank\02-ByteBank.csproj", "{E300E6A7-6CD2-459F-BF93-7EF71154508D}"
EndProject
Project("{FAE04EC0-301F-11D3-BF4B-00C04F79EFBC}") = "03-ByteBank", "03-ByteBank\03-ByteBank.csproj", "{59C2CC27-9FE8-41A9-BAE5-91F5A83E17AC}"
EndProject
Project("{FAE04EC0-301F-11D3-BF4B-00C04F79EFBC}") = "04-ByteBank", "04-ByteBank\04-ByteBank.csproj", "{2851C448-5B00-474A-8332-84FAA22493D9}"
EndProject
Project("{FAE04EC0-301F-11D3-BF4B-00C04F79EFBC}") = "05-ByteBank", "05-ByteBank\05-ByteBank.csproj", "{337CCEC9-8134-4145-9867-FA9D2AAD8CD7}"
EndProject
Project("{FAE04EC0-301F-11D3-BF4B-00C04F79EFBC}") = "06-ByteBank", "06-ByteBank\06-ByteBank.csproj", "{15030274-4D5F-48BD-89EF-F19AA941F15D}"
EndProject
Global
	GlobalSection(SolutionConfigurationPlatforms) = preSolution
		Debug|Any CPU = Debug|Any CPU
		Release|Any CPU = Release|Any CPU
	EndGlobalSection
	GlobalSection(ProjectConfigurationPlatforms) = postSolution
		{200E91A5-B053-4EBD-A02E-A4E238C40E65}.Debug|Any CPU.ActiveCfg = Debug|Any CPU
		{200E91A5-B053-4EBD-A02E-A4E238C40E65}.Debug|Any CPU.Build.0 = Debug|Any CPU
		{200E91A5-B053-4EBD-A02E-A4E238C40E65}.Release|Any CPU.ActiveCfg = Release|Any CPU
		{200E91A5-B053-4EBD-A02E-A4E238C40E65}.Release|Any CPU.Build.0 = Release|Any CPU
		{E300E6A7-6CD2-459F-BF93-7EF71154508D}.Debug|Any CPU.ActiveCfg = Debug|Any CPU
		{E300E6A7-6CD2-459F-BF93-7EF71154508D}.Debug|Any CPU.Build.0 = Debug|Any CPU
		{E300E6A7-6CD2-459F-BF93-7EF71154508D}.Release|Any CPU.ActiveCfg = Release|Any CPU
		{E300E6A7-6CD2-459F-BF93-7EF71154508D}.Release|Any CPU.Build.0 = Release|Any CPU
		{59C2CC27-9FE8-41A9-BAE5-91F5A83E17AC}.Debug|Any CPU.ActiveCfg = Debug|Any CPU
		{59C2CC27-9FE8-41A9-BAE5-91F5A83E17AC}.Debug|Any CPU.Build.0 = Debug|Any CPU
		{59C2CC27-9FE8-41A9-BAE5-91F5A83E17AC}.Release|Any CPU.ActiveCfg = Release|Any CPU
		{59C2CC27-9FE8-41A9-BAE5-91F5A83E17AC}.Release|Any CPU.Build.0 = Release|Any CPU
		{2851C448-5B00-474A-8332-84FAA22493D9}.Debug|Any CPU.ActiveCfg = Debug|Any CPU
		{2851C448-5B00-474A-8332-84FAA22493D9}.Debug|Any CPU.Build.0 = Debug|Any CPU
		{2851C448-5B00-474A-8332-84FAA22493D9}.Release|Any CPU.ActiveCfg = Release|Any CPU
		{2851C448-5B00-474A-8332-84FAA22493D9}.Release|Any CPU.Build.0 = Release|Any CPU
		{337CCEC9-8134-4145-9867-FA9D2AAD8CD7}.Debug|Any CPU.ActiveCfg = Debug|Any CPU
		{337CCEC9-8134-4145-9867-FA9D2AAD8CD7}.Debug|Any CPU.Build.0 = Debug|Any CPU
		{337CCEC9-8134-4145-9867-FA9D2AAD8CD7}.Release|Any CPU.ActiveCfg = Release|Any CPU
		{337CCEC9-8134-4145-9867-FA9D2AAD8CD7}.Release|Any CPU.Build.0 = Release|Any CPU
		{15030274-4D5F-48BD-89EF-F19AA941F15D}.Debug|Any CPU.ActiveCfg = Debug|Any CPU
		{15030274-4D5F-48BD-89EF-F19AA941F15D}.Debug|Any CPU.Build.0 = Debug|Any CPU
		{15030274-4D5F-48BD-89EF-F19AA941F15D}.Release|Any CPU.ActiveCfg = Release|Any CPU
		{15030274-4D5F-48BD-89EF-F19AA941F15D}.Release|Any CPU.Build.0 = Release|Any CPU
	EndGlobalSection
	GlobalSection(SolutionProperties) = preSolution
		HideSolutionNode = FALSE
	EndGlobalSection
	GlobalSection(ExtensibilityGlobals) = postSolution
		SolutionGuid = {D242123B-BCC7-4DE8-B9C4-E1CB3C1EF430}
	EndGlobalSection
EndGlobal
